
Microsoft Visual Studio Solution File, Format Version 12.00
# Visual Studio Version 16
VisualStudioVersion = 16.0.30114.105
MinimumVisualStudioVersion = 10.0.40219.1
Project("{FAE04EC0-301F-11D3-BF4B-00C04F79EFBC}") = "CustomerWeb", "CustomerWeb\CustomerWeb.csproj", "{E41A690E-B776-4F0E-8F2E-EB1C1853194D}"
EndProject
Global
	GlobalSection(SolutionConfigurationPlatforms) = preSolution
		Debug|Any CPU = Debug|Any CPU
		Release|Any CPU = Release|Any CPU
	EndGlobalSection
	GlobalSection(ProjectConfigurationPlatforms) = postSolution
		{E41A690E-B776-4F0E-8F2E-EB1C1853194D}.Debug|Any CPU.ActiveCfg = Debug|Any CPU
		{E41A690E-B776-4F0E-8F2E-EB1C1853194D}.Debug|Any CPU.Build.0 = Debug|Any CPU
		{E41A690E-B776-4F0E-8F2E-EB1C1853194D}.Release|Any CPU.ActiveCfg = Release|Any CPU
		{E41A690E-B776-4F0E-8F2E-EB1C1853194D}.Release|Any CPU.Build.0 = Release|Any CPU
	EndGlobalSection
	GlobalSection(SolutionProperties) = preSolution
		HideSolutionNode = FALSE
	EndGlobalSection
	GlobalSection(ExtensibilityGlobals) = postSolution
		SolutionGuid = {968B431F-2EDF-4641-9FED-1F4498FA27BA}
	EndGlobalSection
EndGlobal
